
Microsoft Visual Studio Solution File, Format Version 12.00
# Visual Studio Version 17
VisualStudioVersion = 17.2.32602.215
MinimumVisualStudioVersion = 10.0.40219.1
Project("{9A19103F-16F7-4668-BE54-9A1E7A4F7556}") = "Chat_Client", "WpfApp1\Chat_Client.csproj", "{075AF602-8C31-48D5-9A5F-3CE1EDFD89DD}"
EndProject
Project("{9A19103F-16F7-4668-BE54-9A1E7A4F7556}") = "Chat_Server", "Chat_Server\Chat_Server.csproj", "{6C0D45F8-14D4-4ADD-AC0D-0ADD5F24F0D7}"
EndProject
Project("{2150E333-8FDC-42A3-9474-1A3956D46DE8}") = "Solution Items", "Solution Items", "{B6B45A71-11AD-48B4-BA94-83AC1FF8BEC7}"
EndProject
Global
	GlobalSection(SolutionConfigurationPlatforms) = preSolution
		Debug|Any CPU = Debug|Any CPU
		Release|Any CPU = Release|Any CPU
	EndGlobalSection
	GlobalSection(ProjectConfigurationPlatforms) = postSolution
		{075AF602-8C31-48D5-9A5F-3CE1EDFD89DD}.Debug|Any CPU.ActiveCfg = Debug|Any CPU
		{075AF602-8C31-48D5-9A5F-3CE1EDFD89DD}.Debug|Any CPU.Build.0 = Debug|Any CPU
		{075AF602-8C31-48D5-9A5F-3CE1EDFD89DD}.Release|Any CPU.ActiveCfg = Release|Any CPU
		{075AF602-8C31-48D5-9A5F-3CE1EDFD89DD}.Release|Any CPU.Build.0 = Release|Any CPU
		{6C0D45F8-14D4-4ADD-AC0D-0ADD5F24F0D7}.Debug|Any CPU.ActiveCfg = Debug|Any CPU
		{6C0D45F8-14D4-4ADD-AC0D-0ADD5F24F0D7}.Debug|Any CPU.Build.0 = Debug|Any CPU
		{6C0D45F8-14D4-4ADD-AC0D-0ADD5F24F0D7}.Release|Any CPU.ActiveCfg = Release|Any CPU
		{6C0D45F8-14D4-4ADD-AC0D-0ADD5F24F0D7}.Release|Any CPU.Build.0 = Release|Any CPU
	EndGlobalSection
	GlobalSection(SolutionProperties) = preSolution
		HideSolutionNode = FALSE
	EndGlobalSection
	GlobalSection(ExtensibilityGlobals) = postSolution
		SolutionGuid = {DC69EF85-2B9C-49E0-955B-914BE2E82172}
	EndGlobalSection
EndGlobal
